dependencies:
  assert: 1.4.1
  mongodb: 3.0.10
lockfileVersion: 5.2
packages:
  /assert/1.4.1:
    dependencies:
      util: 0.10.3
    dev: false
    resolution:
      integrity: sha1-mZEtWRg2tab1s0XA8H7vwI/GXZE=
  /bson/1.0.9:
    deprecated: Fixed a critical issue with BSON serialization documented in CVE-2019-2391, see https://bit.ly/2KcpXdo for more details
    dev: false
    engines:
      node: '>=0.6.19'
    resolution:
      integrity: sha512-IQX9/h7WdMBIW/q/++tGd+emQr0XMdeZ6icnT/74Xk9fnabWn+gZgpE+9V+gujL3hhJOoNrnDVY7tWdzc7NUTg==
  /inherits/2.0.1:
    dev: false
    resolution:
      integrity: sha1-sX0I0ya0Qj5Wjv9xn5GwscvfafE=
  /mongodb-core/3.0.9:
    dependencies:
      bson: 1.0.9
      require_optional: 1.0.1
    dev: false
    resolution:
      integrity: sha512-buOWjdLLBlEqjHDeHYSXqXx173wHMVp7bafhdHxSjxWdB9V6Ri4myTqxjYZwL/eGFZxvd8oRQSuhwuIDbaaB+g==
  /mongodb/3.0.10:
    dependencies:
      mongodb-core: 3.0.9
    dev: false
    engines:
      node: '>=4'
    resolution:
      integrity: sha512-jy9s4FgcM4rl8sHNETYHGeWcuRh9AlwQCUuMiTj041t/HD02HwyFgmm2VZdd9/mA9YNHaUJLqj0tzBx2QFivtg==
  /require_optional/1.0.1:
    dependencies:
      resolve-from: 2.0.0
      semver: 5.7.1
    dev: false
    resolution:
      integrity: sha512-qhM/y57enGWHAe3v/NcwML6a3/vfESLe/sGM2dII+gEO0BpKRUkWZow/tyloNqJyN6kXSl3RyyM8Ll5D/sJP8g==
  /resolve-from/2.0.0:
    dev: false
    engines:
      node: '>=0.10.0'
    resolution:
      integrity: sha1-lICrIOlP+h2egKgEx+oUdhGWa1c=
  /semver/5.7.1:
    dev: false
    hasBin: true
    resolution:
      integrity: sha512-sauaDf/PZdVgrLTNYHRtpXa1iRiKcaebiKQ1BJdpQlWH2lCvexQdX55snPFyK7QzpudqbCI0qXFfOasHdyNDGQ==
  /util/0.10.3:
    dependencies:
      inherits: 2.0.1
    dev: false
    resolution:
      integrity: sha1-evsa/lCAUkZInj23/g7TeTNqwPk=
specifiers:
  assert: 1.4.1
  mongodb: 3.0.10
